{
    "_readme": [
        "This file locks the dependencies of your project to a known state",
        "Read more about it at https://getcomposer.org/doc/01-basic-usage.md#composer-lock-the-lock-file",
        "This file is @generated automatically"
    ],
    "content-hash": "5d7079c5ead8962f2625c87c7ccbba06",
    "packages": [
        {
            "name": "webflo/drupal-finder",
            "version": "1.1.0",
            "source": {
                "type": "git",
                "url": "https://github.com/webflo/drupal-finder.git",
                "reference": "8a7886c575d6eaa67a425dceccc84e735c0b9637"
            },
            "dist": {
                "type": "zip",
                "url": "https://api.github.com/repos/webflo/drupal-finder/zipball/8a7886c575d6eaa67a425dceccc84e735c0b9637",
                "reference": "8a7886c575d6eaa67a425dceccc84e735c0b9637",
                "shasum": ""
            },
            "require-dev": {
                "mikey179/vfsstream": "^1.6",
                "phpunit/phpunit": "^4.8"
            },
            "type": "library",
            "autoload": {
                "classmap": [
                    "src/DrupalFinder.php"
                ]
            },
            "notification-url": "https://packagist.org/downloads/",
            "license": [
                "GPL-2.0+"
            ],
            "authors": [
                {
                    "name": "Florian Weber",
                    "email": "florian@webflo.org"
                }
            ],
            "description": "Helper class to locate a Drupal installation from a given path.",
            "time": "2017-10-24T08:12:11+00:00"
        }
    ],
    "packages-dev": [],
    "aliases": [],
    "minimum-stability": "stable",
    "stability-flags": [],
    "prefer-stable": false,
    "prefer-lowest": false,
    "platform": [],
    "platform-dev": []
}
